// !$*UTF8*$!
{
	archiveVersion = 1;
	classes = {
	};
	objectVersion = 55;
	objects = {

/* Begin PBXBuildFile section */
		67069B2B2BB5F0E400FB13E5 /* SwiftWaveApp.swift in Sources */ = {isa = PBXBuildFile; fileRef = 67069B2A2BB5F0E400FB13E5 /* SwiftWaveApp.swift */; };
		67069B2D2BB5F0E400FB13E5 /* ContentView.swift in Sources */ = {isa = PBXBuildFile; fileRef = 67069B2C2BB5F0E400FB13E5 /* ContentView.swift */; };
		67069B2F2BB5F0E500FB13E5 /* Assets.xcassets in Resources */ = {isa = PBXBuildFile; fileRef = 67069B2E2BB5F0E500FB13E5 /* Assets.xcassets */; };
		67069B322BB5F0E500FB13E5 /* Preview Assets.xcassets in Resources */ = {isa = PBXBuildFile; fileRef = 67069B312BB5F0E500FB13E5 /* Preview Assets.xcassets */; };
		67069B3D2BB5F0E600FB13E5 /* SwiftWaveTests.swift in Sources */ = {isa = PBXBuildFile; fileRef = 67069B3C2BB5F0E600FB13E5 /* SwiftWaveTests.swift */; };
		67069B472BB5F0E600FB13E5 /* SwiftWaveUITests.swift in Sources */ = {isa = PBXBuildFile; fileRef = 67069B462BB5F0E600FB13E5 /* SwiftWaveUITests.swift */; };
		67069B492BB5F0E600FB13E5 /* SwiftWaveUITestsLaunchTests.swift in Sources */ = {isa = PBXBuildFile; fileRef = 67069B482BB5F0E600FB13E5 /* SwiftWaveUITestsLaunchTests.swift */; };
/* End PBXBuildFile section */

/* Begin PBXContainerItemProxy section */
		67069B392BB5F0E600FB13E5 /* PBXContainerItemProxy */ = {
			isa = PBXContainerItemProxy;
			containerPortal = 67069B1F2BB5F0E300FB13E5 /* Project object */;
			proxyType = 1;
			remoteGlobalIDString = 67069B262BB5F0E400FB13E5;
			remoteInfo = SwiftWave;
		};
		67069B432BB5F0E600FB13E5 /* PBXContainerItemProxy */ = {
			isa = PBXContainerItemProxy;
			containerPortal = 67069B1F2BB5F0E300FB13E5 /* Project object */;
			proxyType = 1;
			remoteGlobalIDString = 67069B262BB5F0E400FB13E5;
			remoteInfo = SwiftWave;
		};
/* End PBXContainerItemProxy section */

/* Begin PBXFileReference section */
		67069B272BB5F0E400FB13E5 /* SwiftWave.app */ = {isa = PBXFileReference; explicitFileType = wrapper.application; includeInIndex = 0; path = SwiftWave.app; sourceTree = BUILT_PRODUCTS_DIR; };
		67069B2A2BB5F0E400FB13E5 /* SwiftWaveApp.swift */ = {isa = PBXFileReference; lastKnownFileType = sourcecode.swift; path = SwiftWaveApp.swift; sourceTree = "<group>"; };
		67069B2C2BB5F0E400FB13E5 /* ContentView.swift */ = {isa = PBXFileReference; lastKnownFileType = sourcecode.swift; path = ContentView.swift; sourceTree = "<group>"; };
		67069B2E2BB5F0E500FB13E5 /* Assets.xcassets */ = {isa = PBXFileReference; lastKnownFileType = folder.assetcatalog; path = Assets.xcassets; sourceTree = "<group>"; };
		67069B312BB5F0E500FB13E5 /* Preview Assets.xcassets */ = {isa = PBXFileReference; lastKnownFileType = folder.assetcatalog; path = "Preview Assets.xcassets"; sourceTree = "<group>"; };
		67069B332BB5F0E500FB13E5 /* SwiftWave.entitlements */ = {isa = PBXFileReference; lastKnownFileType = text.plist.entitlements; path = SwiftWave.entitlements; sourceTree = "<group>"; };
		67069B382BB5F0E600FB13E5 /* SwiftWaveTests.xctest */ = {isa = PBXFileReference; explicitFileType = wrapper.cfbundle; includeInIndex = 0; path = SwiftWaveTests.xctest; sourceTree = BUILT_PRODUCTS_DIR; };
		67069B3C2BB5F0E600FB13E5 /* SwiftWaveTests.swift */ = {isa = PBXFileReference; lastKnownFileType = sourcecode.swift; path = SwiftWaveTests.swift; sourceTree = "<group>"; };
		67069B422BB5F0E600FB13E5 /* SwiftWaveUITests.xctest */ = {isa = PBXFileReference; explicitFileType = wrapper.cfbundle; includeInIndex = 0; path = SwiftWaveUITests.xctest; sourceTree = BUILT_PRODUCTS_DIR; };
		67069B462BB5F0E600FB13E5 /* SwiftWaveUITests.swift */ = {isa = PBXFileReference; lastKnownFileType = sourcecode.swift; path = SwiftWaveUITests.swift; sourceTree = "<group>"; };
		67069B482BB5F0E600FB13E5 /* SwiftWaveUITestsLaunchTests.swift */ = {isa = PBXFileReference; lastKnownFileType = sourcecode.swift; path = SwiftWaveUITestsLaunchTests.swift; sourceTree = "<group>"; };
/* End PBXFileReference section */

/* Begin PBXFrameworksBuildPhase section */
		67069B242BB5F0E400FB13E5 /* Frameworks */ = {
			isa = PBXFrameworksBuildPhase;
			buildActionMask = 2147483647;
			files = (
			);
			runOnlyForDeploymentPostprocessing = 0;
		};
		67069B352BB5F0E600FB13E5 /* Frameworks */ = {
			isa = PBXFrameworksBuildPhase;
			buildActionMask = 2147483647;
			files = (
			);
			runOnlyForDeploymentPostprocessing = 0;
		};
		67069B3F2BB5F0E600FB13E5 /* Frameworks */ = {
			isa = PBXFrameworksBuildPhase;
			buildActionMask = 2147483647;
			files = (
			);
			runOnlyForDeploymentPostprocessing = 0;
		};
/* End PBXFrameworksBuildPhase section */

/* Begin PBXGroup section */
		67069B1E2BB5F0E300FB13E5 = {
			isa = PBXGroup;
			children = (
				67069B292BB5F0E400FB13E5 /* SwiftWave */,
				67069B3B2BB5F0E600FB13E5 /* SwiftWaveTests */,
				67069B452BB5F0E600FB13E5 /* SwiftWaveUITests */,
				67069B282BB5F0E400FB13E5 /* Products */,
			);
			sourceTree = "<group>";
		};
		67069B282BB5F0E400FB13E5 /* Products */ = {
			isa = PBXGroup;
			children = (
				67069B272BB5F0E400FB13E5 /* SwiftWave.app */,
				67069B382BB5F0E600FB13E5 /* SwiftWaveTests.xctest */,
				67069B422BB5F0E600FB13E5 /* SwiftWaveUITests.xctest */,
			);
			name = Products;
			sourceTree = "<group>";
		};
		67069B292BB5F0E400FB13E5 /* SwiftWave */ = {
			isa = PBXGroup;
			children = (
				67069B2A2BB5F0E400FB13E5 /* SwiftWaveApp.swift */,
				67069B2C2BB5F0E400FB13E5 /* ContentView.swift */,
				67069B2E2BB5F0E500FB13E5 /* Assets.xcassets */,
				67069B332BB5F0E500FB13E5 /* SwiftWave.entitlements */,
				67069B302BB5F0E500FB13E5 /* Preview Content */,
			);
			path = SwiftWave;
			sourceTree = "<group>";
		};
		67069B302BB5F0E500FB13E5 /* Preview Content */ = {
			isa = PBXGroup;
			children = (
				67069B312BB5F0E500FB13E5 /* Preview Assets.xcassets */,
			);
			path = "Preview Content";
			sourceTree = "<group>";
		};
		67069B3B2BB5F0E600FB13E5 /* SwiftWaveTests */ = {
			isa = PBXGroup;
			children = (
				67069B3C2BB5F0E600FB13E5 /* SwiftWaveTests.swift */,
			);
			path = SwiftWaveTests;
			sourceTree = "<group>";
		};
		67069B452BB5F0E600FB13E5 /* SwiftWaveUITests */ = {
			isa = PBXGroup;
			children = (
				67069B462BB5F0E600FB13E5 /* SwiftWaveUITests.swift */,
				67069B482BB5F0E600FB13E5 /* SwiftWaveUITestsLaunchTests.swift */,
			);
			path = SwiftWaveUITests;
			sourceTree = "<group>";
		};
/* End PBXGroup section */

/* Begin PBXNativeTarget section */
		67069B262BB5F0E400FB13E5 /* SwiftWave */ = {
			isa = PBXNativeTarget;
			buildConfigurationList = 67069B4C2BB5F0E600FB13E5 /* Build configuration list for PBXNativeTarget "SwiftWave" */;
			buildPhases = (
				67069B232BB5F0E400FB13E5 /* Sources */,
				67069B242BB5F0E400FB13E5 /* Frameworks */,
				67069B252BB5F0E400FB13E5 /* Resources */,
			);
			buildRules = (
			);
			dependencies = (
			);
			name = SwiftWave;
			productName = SwiftWave;
			productReference = 67069B272BB5F0E400FB13E5 /* SwiftWave.app */;
			productType = "com.apple.product-type.application";
		};
		67069B372BB5F0E600FB13E5 /* SwiftWaveTests */ = {
			isa = PBXNativeTarget;
			buildConfigurationList = 67069B4F2BB5F0E600FB13E5 /* Build configuration list for PBXNativeTarget "SwiftWaveTests" */;
			buildPhases = (
				67069B342BB5F0E600FB13E5 /* Sources */,
				67069B352BB5F0E600FB13E5 /* Frameworks */,
				67069B362BB5F0E600FB13E5 /* Resources */,
			);
			buildRules = (
			);
			dependencies = (
				67069B3A2BB5F0E600FB13E5 /* PBXTargetDependency */,
			);
			name = SwiftWaveTests;
			productName = SwiftWaveTests;
			productReference = 67069B382BB5F0E600FB13E5 /* SwiftWaveTests.xctest */;
			productType = "com.apple.product-type.bundle.unit-test";
		};
		67069B412BB5F0E600FB13E5 /* SwiftWaveUITests */ = {
			isa = PBXNativeTarget;
			buildConfigurationList = 67069B522BB5F0E600FB13E5 /* Build configuration list for PBXNativeTarget "SwiftWaveUITests" */;
			buildPhases = (
				67069B3E2BB5F0E600FB13E5 /* Sources */,
				67069B3F2BB5F0E600FB13E5 /* Frameworks */,
				67069B402BB5F0E600FB13E5 /* Resources */,
			);
			buildRules = (
			);
			dependencies = (
				67069B442BB5F0E600FB13E5 /* PBXTargetDependency */,
			);
			name = SwiftWaveUITests;
			productName = SwiftWaveUITests;
			productReference = 67069B422BB5F0E600FB13E5 /* SwiftWaveUITests.xctest */;
			productType = "com.apple.product-type.bundle.ui-testing";
		};
/* End PBXNativeTarget section */

/* Begin PBXProject section */
		67069B1F2BB5F0E300FB13E5 /* Project object */ = {
			isa = PBXProject;
			attributes = {
				BuildIndependentTargetsInParallel = 1;
				LastSwiftUpdateCheck = 1340;
				LastUpgradeCheck = 1340;
				TargetAttributes = {
					67069B262BB5F0E400FB13E5 = {
						CreatedOnToolsVersion = 13.4.1;
					};
					67069B372BB5F0E600FB13E5 = {
						CreatedOnToolsVersion = 13.4.1;
						TestTargetID = 67069B262BB5F0E400FB13E5;
					};
					67069B412BB5F0E600FB13E5 = {
						CreatedOnToolsVersion = 13.4.1;
						TestTargetID = 67069B262BB5F0E400FB13E5;
					};
				};
			};
			buildConfigurationList = 67069B222BB5F0E300FB13E5 /* Build configuration list for PBXProject "SwiftWave" */;
			compatibilityVersion = "Xcode 13.0";
			developmentRegion = en;
			hasScannedForEncodings = 0;
			knownRegions = (
				en,
				Base,
			);
			mainGroup = 67069B1E2BB5F0E300FB13E5;
			productRefGroup = 67069B282BB5F0E400FB13E5 /* Products */;
			projectDirPath = "";
			projectRoot = "";
			targets = (
				67069B262BB5F0E400FB13E5 /* SwiftWave */,
				67069B372BB5F0E600FB13E5 /* SwiftWaveTests */,
				67069B412BB5F0E600FB13E5 /* SwiftWaveUITests */,
			);
		};
/* End PBXProject section */

/* Begin PBXResourcesBuildPhase section */
		67069B252BB5F0E400FB13E5 /* Resources */ = {
			isa = PBXResourcesBuildPhase;
			buildActionMask = 2147483647;
			files = (
				67069B322BB5F0E500FB13E5 /* Preview Assets.xcassets in Resources */,
				67069B2F2BB5F0E500FB13E5 /* Assets.xcassets in Resources */,
			);
			runOnlyForDeploymentPostprocessing = 0;
		};
		67069B362BB5F0E600FB13E5 /* Resources */ = {
			isa = PBXResourcesBuildPhase;
			buildActionMask = 2147483647;
			files = (
			);
			runOnlyForDeploymentPostprocessing = 0;
		};
		67069B402BB5F0E600FB13E5 /* Resources */ = {
			isa = PBXResourcesBuildPhase;
			buildActionMask = 2147483647;
			files = (
			);
			runOnlyForDeploymentPostprocessing = 0;
		};
/* End PBXResourcesBuildPhase section */

/* Begin PBXSourcesBuildPhase section */
		67069B232BB5F0E400FB13E5 /* Sources */ = {
			isa = PBXSourcesBuildPhase;
			buildActionMask = 2147483647;
			files = (
				67069B2D2BB5F0E400FB13E5 /* ContentView.swift in Sources */,
				67069B2B2BB5F0E400FB13E5 /* SwiftWaveApp.swift in Sources */,
			);
			runOnlyForDeploymentPostprocessing = 0;
		};
		67069B342BB5F0E600FB13E5 /* Sources */ = {
			isa = PBXSourcesBuildPhase;
			buildActionMask = 2147483647;
			files = (
				67069B3D2BB5F0E600FB13E5 /* SwiftWaveTests.swift in Sources */,
			);
			runOnlyForDeploymentPostprocessing = 0;
		};
		67069B3E2BB5F0E600FB13E5 /* Sources */ = {
			isa = PBXSourcesBuildPhase;
			buildActionMask = 2147483647;
			files = (
				67069B472BB5F0E600FB13E5 /* SwiftWaveUITests.swift in Sources */,
				67069B492BB5F0E600FB13E5 /* SwiftWaveUITestsLaunchTests.swift in Sources */,
			);
			runOnlyForDeploymentPostprocessing = 0;
		};
/* End PBXSourcesBuildPhase section */

/* Begin PBXTargetDependency section */
		67069B3A2BB5F0E600FB13E5 /* PBXTargetDependency */ = {
			isa = PBXTargetDependency;
			target = 67069B262BB5F0E400FB13E5 /* SwiftWave */;
			targetProxy = 67069B392BB5F0E600FB13E5 /* PBXContainerItemProxy */;
		};
		67069B442BB5F0E600FB13E5 /* PBXTargetDependency */ = {
			isa = PBXTargetDependency;
			target = 67069B262BB5F0E400FB13E5 /* SwiftWave */;
			targetProxy = 67069B432BB5F0E600FB13E5 /* PBXContainerItemProxy */;
		};
/* End PBXTargetDependency section */

/* Begin XCBuildConfiguration section */
		67069B4A2BB5F0E600FB13E5 /* Debug */ = {
			isa = XCBuildConfiguration;
			buildSettings = {
				ALWAYS_SEARCH_USER_PATHS = NO;
				CLANG_ANALYZER_NONNULL = YES;
				CLANG_ANALYZER_NUMBER_OBJECT_CONVERSION = YES_AGGRESSIVE;
				CLANG_CXX_LANGUAGE_STANDARD = "gnu++17";
				CLANG_ENABLE_MODULES = YES;
				CLANG_ENABLE_OBJC_ARC = YES;
				CLANG_ENABLE_OBJC_WEAK = YES;
				CLANG_WARN_BLOCK_CAPTURE_AUTORELEASING = YES;
				CLANG_WARN_BOOL_CONVERSION = YES;
				CLANG_WARN_COMMA = YES;
				CLANG_WARN_CONSTANT_CONVERSION = YES;
				CLANG_WARN_DEPRECATED_OBJC_IMPLEMENTATIONS = YES;
				CLANG_WARN_DIRECT_OBJC_ISA_USAGE = YES_ERROR;
				CLANG_WARN_DOCUMENTATION_COMMENTS = YES;
				CLANG_WARN_EMPTY_BODY = YES;
				CLANG_WARN_ENUM_CONVERSION = YES;
				CLANG_WARN_INFINITE_RECURSION = YES;
				CLANG_WARN_INT_CONVERSION = YES;
				CLANG_WARN_NON_LITERAL_NULL_CONVERSION = YES;
				CLANG_WARN_OBJC_IMPLICIT_RETAIN_SELF = YES;
				CLANG_WARN_OBJC_LITERAL_CONVERSION = YES;
				CLANG_WARN_OBJC_ROOT_CLASS = YES_ERROR;
				CLANG_WARN_QUOTED_INCLUDE_IN_FRAMEWORK_HEADER = YES;
				CLANG_WARN_RANGE_LOOP_ANALYSIS = YES;
				CLANG_WARN_STRICT_PROTOTYPES = YES;
				CLANG_WARN_SUSPICIOUS_MOVE = YES;
				CLANG_WARN_UNGUARDED_AVAILABILITY = YES_AGGRESSIVE;
				CLANG_WARN_UNREACHABLE_CODE = YES;
				CLANG_WARN__DUPLICATE_METHOD_MATCH = YES;
				COPY_PHASE_STRIP = NO;
				DEBUG_INFORMATION_FORMAT = dwarf;
				ENABLE_STRICT_OBJC_MSGSEND = YES;
				ENABLE_TESTABILITY = YES;
				GCC_C_LANGUAGE_STANDARD = gnu11;
				GCC_DYNAMIC_NO_PIC = NO;
				GCC_NO_COMMON_BLOCKS = YES;
				GCC_OPTIMIZATION_LEVEL = 0;
				GCC_PREPROCESSOR_DEFINITIONS = (
					"DEBUG=1",
					"$(inherited)",
				);
				GCC_WARN_64_TO_32_BIT_CONVERSION = YES;
				GCC_WARN_ABOUT_RETURN_TYPE = YES_ERROR;
				GCC_WARN_UNDECLARED_SELECTOR = YES;
				GCC_WARN_UNINITIALIZED_AUTOS = YES_AGGRESSIVE;
				GCC_WARN_UNUSED_FUNCTION = YES;
				GCC_WARN_UNUSED_VARIABLE = YES;
				MACOSX_DEPLOYMENT_TARGET = 12.3;
				MTL_ENABLE_DEBUG_INFO = INCLUDE_SOURCE;
				MTL_FAST_MATH = YES;
				ONLY_ACTIVE_ARCH = YES;
				SDKROOT = macosx;
				SWIFT_ACTIVE_COMPILATION_CONDITIONS = DEBUG;
				SWIFT_OPTIMIZATION_LEVEL = "-Onone";
			};
			name = Debug;
		};
		67069B4B2BB5F0E600FB13E5 /* Release */ = {
			isa = XCBuildConfiguration;
			buildSettings = {
				ALWAYS_SEARCH_USER_PATHS = NO;
				CLANG_ANALYZER_NONNULL = YES;
				CLANG_ANALYZER_NUMBER_OBJECT_CONVERSION = YES_AGGRESSIVE;
				CLANG_CXX_LANGUAGE_STANDARD = "gnu++17";
				CLANG_ENABLE_MODULES = YES;
				CLANG_ENABLE_OBJC_ARC = YES;
				CLANG_ENABLE_OBJC_WEAK = YES;
				CLANG_WARN_BLOCK_CAPTURE_AUTORELEASING = YES;
				CLANG_WARN_BOOL_CONVERSION = YES;
				CLANG_WARN_COMMA = YES;
				CLANG_WARN_CONSTANT_CONVERSION = YES;
				CLANG_WARN_DEPRECATED_OBJC_IMPLEMENTATIONS = YES;
				CLANG_WARN_DIRECT_OBJC_ISA_USAGE = YES_ERROR;
				CLANG_WARN_DOCUMENTATION_COMMENTS = YES;
				CLANG_WARN_EMPTY_BODY = YES;
				CLANG_WARN_ENUM_CONVERSION = YES;
				CLANG_WARN_INFINITE_RECURSION = YES;
				CLANG_WARN_INT_CONVERSION = YES;
				CLANG_WARN_NON_LITERAL_NULL_CONVERSION = YES;
				CLANG_WARN_OBJC_IMPLICIT_RETAIN_SELF = YES;
				CLANG_WARN_OBJC_LITERAL_CONVERSION = YES;
				CLANG_WARN_OBJC_ROOT_CLASS = YES_ERROR;
				CLANG_WARN_QUOTED_INCLUDE_IN_FRAMEWORK_HEADER = YES;
				CLANG_WARN_RANGE_LOOP_ANALYSIS = YES;
				CLANG_WARN_STRICT_PROTOTYPES = YES;
				CLANG_WARN_SUSPICIOUS_MOVE = YES;
				CLANG_WARN_UNGUARDED_AVAILABILITY = YES_AGGRESSIVE;
				CLANG_WARN_UNREACHABLE_CODE = YES;
				CLANG_WARN__DUPLICATE_METHOD_MATCH = YES;
				COPY_PHASE_STRIP = NO;
				DEBUG_INFORMATION_FORMAT = "dwarf-with-dsym";
				ENABLE_NS_ASSERTIONS = NO;
				ENABLE_STRICT_OBJC_MSGSEND = YES;
				GCC_C_LANGUAGE_STANDARD = gnu11;
				GCC_NO_COMMON_BLOCKS = YES;
				GCC_WARN_64_TO_32_BIT_CONVERSION = YES;
				GCC_WARN_ABOUT_RETURN_TYPE = YES_ERROR;
				GCC_WARN_UNDECLARED_SELECTOR = YES;
				GCC_WARN_UNINITIALIZED_AUTOS = YES_AGGRESSIVE;
				GCC_WARN_UNUSED_FUNCTION = YES;
				GCC_WARN_UNUSED_VARIABLE = YES;
				MACOSX_DEPLOYMENT_TARGET = 12.3;
				MTL_ENABLE_DEBUG_INFO = NO;
				MTL_FAST_MATH = YES;
				SDKROOT = macosx;
				SWIFT_COMPILATION_MODE = wholemodule;
				SWIFT_OPTIMIZATION_LEVEL = "-O";
			};
			name = Release;
		};
		67069B4D2BB5F0E600FB13E5 /* Debug */ = {
			isa = XCBuildConfiguration;
			buildSettings = {
				ASSETCATALOG_COMPILER_APPICON_NAME = AppIcon;
				ASSETCATALOG_COMPILER_GLOBAL_ACCENT_COLOR_NAME = AccentColor;
				CODE_SIGN_ENTITLEMENTS = SwiftWave/SwiftWave.entitlements;
				CODE_SIGN_STYLE = Automatic;
				COMBINE_HIDPI_IMAGES = YES;
				CURRENT_PROJECT_VERSION = 1;
				DEVELOPMENT_ASSET_PATHS = "\"SwiftWave/Preview Content\"";
				DEVELOPMENT_TEAM = 3T4Y325369;
				ENABLE_HARDENED_RUNTIME = YES;
				ENABLE_PREVIEWS = YES;
				GENERATE_INFOPLIST_FILE = YES;
				INFOPLIST_KEY_NSHumanReadableCopyright = "";
				LD_RUNPATH_SEARCH_PATHS = (
					"$(inherited)",
					"@executable_path/../Frameworks",
				);
				MARKETING_VERSION = 1.0;
				PRODUCT_BUNDLE_IDENTIFIER = com.github.HttpAnimation.SwiftWave;
				PRODUCT_NAME = "$(TARGET_NAME)";
				SWIFT_EMIT_LOC_STRINGS = YES;
				SWIFT_VERSION = 5.0;
			};
			name = Debug;
		};
		67069B4E2BB5F0E600FB13E5 /* Release */ = {
			isa = XCBuildConfiguration;
			buildSettings = {
				ASSETCATALOG_COMPILER_APPICON_NAME = AppIcon;
				ASSETCATALOG_COMPILER_GLOBAL_ACCENT_COLOR_NAME = AccentColor;
				CODE_SIGN_ENTITLEMENTS = SwiftWave/SwiftWave.entitlements;
				CODE_SIGN_STYLE = Automatic;
				COMBINE_HIDPI_IMAGES = YES;
				CURRENT_PROJECT_VERSION = 1;
				DEVELOPMENT_ASSET_PATHS = "\"SwiftWave/Preview Content\"";
				DEVELOPMENT_TEAM = 3T4Y325369;
				ENABLE_HARDENED_RUNTIME = YES;
				ENABLE_PREVIEWS = YES;
				GENERATE_INFOPLIST_FILE = YES;
				INFOPLIST_KEY_NSHumanReadableCopyright = "";
				LD_RUNPATH_SEARCH_PATHS = (
					"$(inherited)",
					"@executable_path/../Frameworks",
				);
				MARKETING_VERSION = 1.0;
				PRODUCT_BUNDLE_IDENTIFIER = com.github.HttpAnimation.SwiftWave;
				PRODUCT_NAME = "$(TARGET_NAME)";
				SWIFT_EMIT_LOC_STRINGS = YES;
				SWIFT_VERSION = 5.0;
			};
			name = Release;
		};
		67069B502BB5F0E600FB13E5 /* Debug */ = {
			isa = XCBuildConfiguration;
			buildSettings = {
				ALWAYS_EMBED_SWIFT_STANDARD_LIBRARIES = YES;
				BUNDLE_LOADER = "$(TEST_HOST)";
				CODE_SIGN_STYLE = Automatic;
				CURRENT_PROJECT_VERSION = 1;
				DEVELOPMENT_TEAM = 3T4Y325369;
				GENERATE_INFOPLIST_FILE = YES;
				MACOSX_DEPLOYMENT_TARGET = 12.3;
				MARKETING_VERSION = 1.0;
				PRODUCT_BUNDLE_IDENTIFIER = com.github.HttpAnimation.SwiftWaveTests;
				PRODUCT_NAME = "$(TARGET_NAME)";
				SWIFT_EMIT_LOC_STRINGS = NO;
				SWIFT_VERSION = 5.0;
				TEST_HOST = "$(BUILT_PRODUCTS_DIR)/SwiftWave.app/Contents/MacOS/SwiftWave";
			};
			name = Debug;
		};
		67069B512BB5F0E600FB13E5 /* Release */ = {
			isa = XCBuildConfiguration;
			buildSettings = {
				ALWAYS_EMBED_SWIFT_STANDARD_LIBRARIES = YES;
				BUNDLE_LOADER = "$(TEST_HOST)";
				CODE_SIGN_STYLE = Automatic;
				CURRENT_PROJECT_VERSION = 1;
				DEVELOPMENT_TEAM = 3T4Y325369;
				GENERATE_INFOPLIST_FILE = YES;
				MACOSX_DEPLOYMENT_TARGET = 12.3;
				MARKETING_VERSION = 1.0;
				PRODUCT_BUNDLE_IDENTIFIER = com.github.HttpAnimation.SwiftWaveTests;
				PRODUCT_NAME = "$(TARGET_NAME)";
				SWIFT_EMIT_LOC_STRINGS = NO;
				SWIFT_VERSION = 5.0;
				TEST_HOST = "$(BUILT_PRODUCTS_DIR)/SwiftWave.app/Contents/MacOS/SwiftWave";
			};
			name = Release;
		};
		67069B532BB5F0E600FB13E5 /* Debug */ = {
			isa = XCBuildConfiguration;
			buildSettings = {
				ALWAYS_EMBED_SWIFT_STANDARD_LIBRARIES = YES;
				CODE_SIGN_STYLE = Automatic;
				CURRENT_PROJECT_VERSION = 1;
				DEVELOPMENT_TEAM = 3T4Y325369;
				GENERATE_INFOPLIST_FILE = YES;
				MARKETING_VERSION = 1.0;
				PRODUCT_BUNDLE_IDENTIFIER = com.github.HttpAnimation.SwiftWaveUITests;
				PRODUCT_NAME = "$(TARGET_NAME)";
				SWIFT_EMIT_LOC_STRINGS = NO;
				SWIFT_VERSION = 5.0;
				TEST_TARGET_NAME = SwiftWave;
			};
			name = Debug;
		};
		67069B542BB5F0E600FB13E5 /* Release */ = {
			isa = XCBuildConfiguration;
			buildSettings = {
				ALWAYS_EMBED_SWIFT_STANDARD_LIBRARIES = YES;
				CODE_SIGN_STYLE = Automatic;
				CURRENT_PROJECT_VERSION = 1;
				DEVELOPMENT_TEAM = 3T4Y325369;
				GENERATE_INFOPLIST_FILE = YES;
				MARKETING_VERSION = 1.0;
				PRODUCT_BUNDLE_IDENTIFIER = com.github.HttpAnimation.SwiftWaveUITests;
				PRODUCT_NAME = "$(TARGET_NAME)";
				SWIFT_EMIT_LOC_STRINGS = NO;
				SWIFT_VERSION = 5.0;
				TEST_TARGET_NAME = SwiftWave;
			};
			name = Release;
		};
/* End XCBuildConfiguration section */

/* Begin XCConfigurationList section */
		67069B222BB5F0E300FB13E5 /* Build configuration list for PBXProject "SwiftWave" */ = {
			isa = XCConfigurationList;
			buildConfigurations = (
				67069B4A2BB5F0E600FB13E5 /* Debug */,
				67069B4B2BB5F0E600FB13E5 /* Release */,
			);
			defaultConfigurationIsVisible = 0;
			defaultConfigurationName = Release;
		};
		67069B4C2BB5F0E600FB13E5 /* Build configuration list for PBXNativeTarget "SwiftWave" */ = {
			isa = XCConfigurationList;
			buildConfigurations = (
				67069B4D2BB5F0E600FB13E5 /* Debug */,
				67069B4E2BB5F0E600FB13E5 /* Release */,
			);
			defaultConfigurationIsVisible = 0;
			defaultConfigurationName = Release;
		};
		67069B4F2BB5F0E600FB13E5 /* Build configuration list for PBXNativeTarget "SwiftWaveTests" */ = {
			isa = XCConfigurationList;
			buildConfigurations = (
				67069B502BB5F0E600FB13E5 /* Debug */,
				67069B512BB5F0E600FB13E5 /* Release */,
			);
			defaultConfigurationIsVisible = 0;
			defaultConfigurationName = Release;
		};
		67069B522BB5F0E600FB13E5 /* Build configuration list for PBXNativeTarget "SwiftWaveUITests" */ = {
			isa = XCConfigurationList;
			buildConfigurations = (
				67069B532BB5F0E600FB13E5 /* Debug */,
				67069B542BB5F0E600FB13E5 /* Release */,
			);
			defaultConfigurationIsVisible = 0;
			defaultConfigurationName = Release;
		};
/* End XCConfigurationList section */
	};
	rootObject = 67069B1F2BB5F0E300FB13E5 /* Project object */;
}
